// !$*UTF8*$!
{
	archiveVersion = 1;
	classes = {
	};
	objectVersion = 46;
	objects = {

/* Begin PBXBuildFile section */
		3E25B5631E86D27600A4992E /* AppDelegate.swift in Sources */ = {isa = PBXBuildFile; fileRef = 3E25B5621E86D27600A4992E /* AppDelegate.swift */; };
		3E25B5691E86D27600A4992E /* GameScene.swift in Sources */ = {isa = PBXBuildFile; fileRef = 3E25B5681E86D27600A4992E /* GameScene.swift */; };
		3E25B56B1E86D27600A4992E /* GameViewController.swift in Sources */ = {isa = PBXBuildFile; fileRef = 3E25B56A1E86D27600A4992E /* GameViewController.swift */; };
		3E25B56E1E86D27600A4992E /* Main.storyboard in Resources */ = {isa = PBXBuildFile; fileRef = 3E25B56C1E86D27600A4992E /* Main.storyboard */; };
		3E25B5701E86D27600A4992E /* Assets.xcassets in Resources */ = {isa = PBXBuildFile; fileRef = 3E25B56F1E86D27600A4992E /* Assets.xcassets */; };
		3E25B5731E86D27600A4992E /* LaunchScreen.storyboard in Resources */ = {isa = PBXBuildFile; fileRef = 3E25B5711E86D27600A4992E /* LaunchScreen.storyboard */; };
		3E25B57D1E86D5FF00A4992E /* PlayScene.swift in Sources */ = {isa = PBXBuildFile; fileRef = 3E25B57C1E86D5FF00A4992E /* PlayScene.swift */; };
		3E25B5801E86D6E300A4992E /* PlayScene.sks in Resources */ = {isa = PBXBuildFile; fileRef = 3E25B57F1E86D6E300A4992E /* PlayScene.sks */; };
		3E25B5821E86D83900A4992E /* SlotMachineBG.swift in Sources */ = {isa = PBXBuildFile; fileRef = 3E25B5811E86D83900A4992E /* SlotMachineBG.swift */; };
		3E25B5851E86DC7A00A4992E /* GameObject.swift in Sources */ = {isa = PBXBuildFile; fileRef = 3E25B5841E86DC7A00A4992E /* GameObject.swift */; };
		3E36111C1E8B3DD700B4EAD8 /* GameValue.swift in Sources */ = {isa = PBXBuildFile; fileRef = 3E36111B1E8B3DD700B4EAD8 /* GameValue.swift */; };
		3E36111E1E8DC7A700B4EAD8 /* GoodByeScene.swift in Sources */ = {isa = PBXBuildFile; fileRef = 3E36111D1E8DC7A700B4EAD8 /* GoodByeScene.swift */; };
/* End PBXBuildFile section */

/* Begin PBXFileReference section */
		3E25B55F1E86D27600A4992E /* SlotMachine.app */ = {isa = PBXFileReference; explicitFileType = wrapper.application; includeInIndex = 0; path = SlotMachine.app; sourceTree = BUILT_PRODUCTS_DIR; };
		3E25B5621E86D27600A4992E /* AppDelegate.swift */ = {isa = PBXFileReference; lastKnownFileType = sourcecode.swift; path = AppDelegate.swift; sourceTree = "<group>"; };
		3E25B5681E86D27600A4992E /* GameScene.swift */ = {isa = PBXFileReference; lastKnownFileType = sourcecode.swift; path = GameScene.swift; sourceTree = "<group>"; };
		3E25B56A1E86D27600A4992E /* GameViewController.swift */ = {isa = PBXFileReference; lastKnownFileType = sourcecode.swift; path = GameViewController.swift; sourceTree = "<group>"; };
		3E25B56D1E86D27600A4992E /* Base */ = {isa = PBXFileReference; lastKnownFileType = file.storyboard; name = Base; path = Base.lproj/Main.storyboard; sourceTree = "<group>"; };
		3E25B56F1E86D27600A4992E /* Assets.xcassets */ = {isa = PBXFileReference; lastKnownFileType = folder.assetcatalog; path = Assets.xcassets; sourceTree = "<group>"; };
		3E25B5721E86D27600A4992E /* Base */ = {isa = PBXFileReference; lastKnownFileType = file.storyboard; name = Base; path = Base.lproj/LaunchScreen.storyboard; sourceTree = "<group>"; };
		3E25B5741E86D27600A4992E /* Info.plist */ = {isa = PBXFileReference; lastKnownFileType = text.plist.xml; path = Info.plist; sourceTree = "<group>"; };
		3E25B57C1E86D5FF00A4992E /* PlayScene.swift */ = {isa = PBXFileReference; fileEncoding = 4; lastKnownFileType = sourcecode.swift; path = PlayScene.swift; sourceTree = "<group>"; };
		3E25B57F1E86D6E300A4992E /* PlayScene.sks */ = {isa = PBXFileReference; lastKnownFileType = file.sks; path = PlayScene.sks; sourceTree = "<group>"; };
		3E25B5811E86D83900A4992E /* SlotMachineBG.swift */ = {isa = PBXFileReference; fileEncoding = 4; lastKnownFileType = sourcecode.swift; path = SlotMachineBG.swift; sourceTree = "<group>"; };
		3E25B5841E86DC7A00A4992E /* GameObject.swift */ = {isa = PBXFileReference; fileEncoding = 4; lastKnownFileType = sourcecode.swift; path = GameObject.swift; sourceTree = "<group>"; };
		3E36111B1E8B3DD700B4EAD8 /* GameValue.swift */ = {isa = PBXFileReference; fileEncoding = 4; lastKnownFileType = sourcecode.swift; path = GameValue.swift; sourceTree = "<group>"; };
		3E36111D1E8DC7A700B4EAD8 /* GoodByeScene.swift */ = {isa = PBXFileReference; fileEncoding = 4; lastKnownFileType = sourcecode.swift; path = GoodByeScene.swift; sourceTree = "<group>"; };
/* End PBXFileReference section */

/* Begin PBXFrameworksBuildPhase section */
		3E25B55C1E86D27500A4992E /* Frameworks */ = {
			isa = PBXFrameworksBuildPhase;
			buildActionMask = 2147483647;
			files = (
			);
			runOnlyForDeploymentPostprocessing = 0;
		};
/* End PBXFrameworksBuildPhase section */

/* Begin PBXGroup section */
		3E25B5561E86D27500A4992E = {
			isa = PBXGroup;
			children = (
				3E25B5611E86D27600A4992E /* SlotMachine */,
				3E25B5601E86D27600A4992E /* Products */,
			);
			sourceTree = "<group>";
		};
		3E25B5601E86D27600A4992E /* Products */ = {
			isa = PBXGroup;
			children = (
				3E25B55F1E86D27600A4992E /* SlotMachine.app */,
			);
			name = Products;
			sourceTree = "<group>";
		};
		3E25B5611E86D27600A4992E /* SlotMachine */ = {
			isa = PBXGroup;
			children = (
				3E25B5831E86DC6700A4992E /* Objects */,
				3E25B57E1E86D6A800A4992E /* DefaultFiles */,
				3E25B57C1E86D5FF00A4992E /* PlayScene.swift */,
				3E36111D1E8DC7A700B4EAD8 /* GoodByeScene.swift */,
				3E25B57F1E86D6E300A4992E /* PlayScene.sks */,
				3E25B56A1E86D27600A4992E /* GameViewController.swift */,
				3E25B56C1E86D27600A4992E /* Main.storyboard */,
				3E25B56F1E86D27600A4992E /* Assets.xcassets */,
				3E25B5711E86D27600A4992E /* LaunchScreen.storyboard */,
			);
			path = SlotMachine;
			sourceTree = "<group>";
		};
		3E25B57E1E86D6A800A4992E /* DefaultFiles */ = {
			isa = PBXGroup;
			children = (
				3E25B5681E86D27600A4992E /* GameScene.swift */,
				3E25B5741E86D27600A4992E /* Info.plist */,
				3E25B5621E86D27600A4992E /* AppDelegate.swift */,
			);
			name = DefaultFiles;
			sourceTree = "<group>";
		};
		3E25B5831E86DC6700A4992E /* Objects */ = {
			isa = PBXGroup;
			children = (
				3E25B5841E86DC7A00A4992E /* GameObject.swift */,
				3E25B5811E86D83900A4992E /* SlotMachineBG.swift */,
				3E36111B1E8B3DD700B4EAD8 /* GameValue.swift */,
			);
			name = Objects;
			sourceTree = "<group>";
		};
/* End PBXGroup section */

/* Begin PBXNativeTarget section */
		3E25B55E1E86D27500A4992E /* SlotMachine */ = {
			isa = PBXNativeTarget;
			buildConfigurationList = 3E25B5771E86D27600A4992E /* Build configuration list for PBXNativeTarget "SlotMachine" */;
			buildPhases = (
				3E25B55B1E86D27500A4992E /* Sources */,
				3E25B55C1E86D27500A4992E /* Frameworks */,
				3E25B55D1E86D27500A4992E /* Resources */,
			);
			buildRules = (
			);
			dependencies = (
			);
			name = SlotMachine;
			productName = SlotMachine;
			productReference = 3E25B55F1E86D27600A4992E /* SlotMachine.app */;
			productType = "com.apple.product-type.application";
		};
/* End PBXNativeTarget section */

/* Begin PBXProject section */
		3E25B5571E86D27500A4992E /* Project object */ = {
			isa = PBXProject;
			attributes = {
				LastSwiftUpdateCheck = 0820;
				LastUpgradeCheck = 0820;
				ORGANIZATIONNAME = Wenzhong;
				TargetAttributes = {
					3E25B55E1E86D27500A4992E = {
						CreatedOnToolsVersion = 8.2.1;
						DevelopmentTeam = 2BULHRS882;
						ProvisioningStyle = Automatic;
					};
				};
			};
			buildConfigurationList = 3E25B55A1E86D27500A4992E /* Build configuration list for PBXProject "SlotMachine" */;
			compatibilityVersion = "Xcode 3.2";
			developmentRegion = English;
			hasScannedForEncodings = 0;
			knownRegions = (
				en,
				Base,
			);
			mainGroup = 3E25B5561E86D27500A4992E;
			productRefGroup = 3E25B5601E86D27600A4992E /* Products */;
			projectDirPath = "";
			projectRoot = "";
			targets = (
				3E25B55E1E86D27500A4992E /* SlotMachine */,
			);
		};
/* End PBXProject section */

/* Begin PBXResourcesBuildPhase section */
		3E25B55D1E86D27500A4992E /* Resources */ = {
			isa = PBXResourcesBuildPhase;
			buildActionMask = 2147483647;
			files = (
				3E25B5801E86D6E300A4992E /* PlayScene.sks in Resources */,
				3E25B56E1E86D27600A4992E /* Main.storyboard in Resources */,
				3E25B5701E86D27600A4992E /* Assets.xcassets in Resources */,
				3E25B5731E86D27600A4992E /* LaunchScreen.storyboard in Resources */,
			);
			runOnlyForDeploymentPostprocessing = 0;
		};
/* End PBXResourcesBuildPhase section */

/* Begin PBXSourcesBuildPhase section */
		3E25B55B1E86D27500A4992E /* Sources */ = {
			isa = PBXSourcesBuildPhase;
			buildActionMask = 2147483647;
			files = (
				3E25B5691E86D27600A4992E /* GameScene.swift in Sources */,
				3E25B5821E86D83900A4992E /* SlotMachineBG.swift in Sources */,
				3E25B5851E86DC7A00A4992E /* GameObject.swift in Sources */,
				3E36111C1E8B3DD700B4EAD8 /* GameValue.swift in Sources */,
				3E36111E1E8DC7A700B4EAD8 /* GoodByeScene.swift in Sources */,
				3E25B56B1E86D27600A4992E /* GameViewController.swift in Sources */,
				3E25B57D1E86D5FF00A4992E /* PlayScene.swift in Sources */,
				3E25B5631E86D27600A4992E /* AppDelegate.swift in Sources */,
			);
			runOnlyForDeploymentPostprocessing = 0;
		};
/* End PBXSourcesBuildPhase section */

/* Begin PBXVariantGroup section */
		3E25B56C1E86D27600A4992E /* Main.storyboard */ = {
			isa = PBXVariantGroup;
			children = (
				3E25B56D1E86D27600A4992E /* Base */,
			);
			name = Main.storyboard;
			sourceTree = "<group>";
		};
		3E25B5711E86D27600A4992E /* LaunchScreen.storyboard */ = {
			isa = PBXVariantGroup;
			children = (
				3E25B5721E86D27600A4992E /* Base */,
			);
			name = LaunchScreen.storyboard;
			sourceTree = "<group>";
		};
/* End PBXVariantGroup section */

/* Begin XCBuildConfiguration section */
		3E25B5751E86D27600A4992E /* Debug */ = {
			isa = XCBuildConfiguration;
			buildSettings = {
				ALWAYS_SEARCH_USER_PATHS = NO;
				CLANG_ANALYZER_NONNULL = YES;
				CLANG_CXX_LANGUAGE_STANDARD = "gnu++0x";
				CLANG_CXX_LIBRARY = "libc++";
				CLANG_ENABLE_MODULES = YES;
				CLANG_ENABLE_OBJC_ARC = YES;
				CLANG_WARN_BOOL_CONVERSION = YES;
				CLANG_WARN_CONSTANT_CONVERSION = YES;
				CLANG_WARN_DIRECT_OBJC_ISA_USAGE = YES_ERROR;
				CLANG_WARN_DOCUMENTATION_COMMENTS = YES;
				CLANG_WARN_EMPTY_BODY = YES;
				CLANG_WARN_ENUM_CONVERSION = YES;
				CLANG_WARN_INFINITE_RECURSION = YES;
				CLANG_WARN_INT_CONVERSION = YES;
				CLANG_WARN_OBJC_ROOT_CLASS = YES_ERROR;
				CLANG_WARN_SUSPICIOUS_MOVE = YES;
				CLANG_WARN_UNREACHABLE_CODE = YES;
				CLANG_WARN__DUPLICATE_METHOD_MATCH = YES;
				"CODE_SIGN_IDENTITY[sdk=iphoneos*]" = "iPhone Developer";
				COPY_PHASE_STRIP = NO;
				DEBUG_INFORMATION_FORMAT = dwarf;
				ENABLE_STRICT_OBJC_MSGSEND = YES;
				ENABLE_TESTABILITY = YES;
				GCC_C_LANGUAGE_STANDARD = gnu99;
				GCC_DYNAMIC_NO_PIC = NO;
				GCC_NO_COMMON_BLOCKS = YES;
				GCC_OPTIMIZATION_LEVEL = 0;
				GCC_PREPROCESSOR_DEFINITIONS = (
					"DEBUG=1",
					"$(inherited)",
				);
				GCC_WARN_64_TO_32_BIT_CONVERSION = YES;
				GCC_WARN_ABOUT_RETURN_TYPE = YES_ERROR;
				GCC_WARN_UNDECLARED_SELECTOR = YES;
				GCC_WARN_UNINITIALIZED_AUTOS = YES_AGGRESSIVE;
				GCC_WARN_UNUSED_FUNCTION = YES;
				GCC_WARN_UNUSED_VARIABLE = YES;
				IPHONEOS_DEPLOYMENT_TARGET = 10.2;
				MTL_ENABLE_DEBUG_INFO = YES;
				ONLY_ACTIVE_ARCH = YES;
				SDKROOT = iphoneos;
				SWIFT_ACTIVE_COMPILATION_CONDITIONS = DEBUG;
				SWIFT_OPTIMIZATION_LEVEL = "-Onone";
			};
			name = Debug;
		};
		3E25B5761E86D27600A4992E /* Release */ = {
			isa = XCBuildConfiguration;
			buildSettings = {
				ALWAYS_SEARCH_USER_PATHS = NO;
				CLANG_ANALYZER_NONNULL = YES;
				CLANG_CXX_LANGUAGE_STANDARD = "gnu++0x";
				CLANG_CXX_LIBRARY = "libc++";
				CLANG_ENABLE_MODULES = YES;
				CLANG_ENABLE_OBJC_ARC = YES;
				CLANG_WARN_BOOL_CONVERSION = YES;
				CLANG_WARN_CONSTANT_CONVERSION = YES;
				CLANG_WARN_DIRECT_OBJC_ISA_USAGE = YES_ERROR;
				CLANG_WARN_DOCUMENTATION_COMMENTS = YES;
				CLANG_WARN_EMPTY_BODY = YES;
				CLANG_WARN_ENUM_CONVERSION = YES;
				CLANG_WARN_INFINITE_RECURSION = YES;
				CLANG_WARN_INT_CONVERSION = YES;
				CLANG_WARN_OBJC_ROOT_CLASS = YES_ERROR;
				CLANG_WARN_SUSPICIOUS_MOVE = YES;
				CLANG_WARN_UNREACHABLE_CODE = YES;
				CLANG_WARN__DUPLICATE_METHOD_MATCH = YES;
				"CODE_SIGN_IDENTITY[sdk=iphoneos*]" = "iPhone Developer";
				COPY_PHASE_STRIP = NO;
				DEBUG_INFORMATION_FORMAT = "dwarf-with-dsym";
				ENABLE_NS_ASSERTIONS = NO;
				ENABLE_STRICT_OBJC_MSGSEND = YES;
				GCC_C_LANGUAGE_STANDARD = gnu99;
				GCC_NO_COMMON_BLOCKS = YES;
				GCC_WARN_64_TO_32_BIT_CONVERSION = YES;
				GCC_WARN_ABOUT_RETURN_TYPE = YES_ERROR;
				GCC_WARN_UNDECLARED_SELECTOR = YES;
				GCC_WARN_UNINITIALIZED_AUTOS = YES_AGGRESSIVE;
				GCC_WARN_UNUSED_FUNCTION = YES;
				GCC_WARN_UNUSED_VARIABLE = YES;
				IPHONEOS_DEPLOYMENT_TARGET = 10.2;
				MTL_ENABLE_DEBUG_INFO = NO;
				SDKROOT = iphoneos;
				SWIFT_OPTIMIZATION_LEVEL = "-Owholemodule";
				VALIDATE_PRODUCT = YES;
			};
			name = Release;
		};
		3E25B5781E86D27600A4992E /* Debug */ = {
			isa = XCBuildConfiguration;
			buildSettings = {
				ASSETCATALOG_COMPILER_APPICON_NAME = AppIcon;
				DEVELOPMENT_TEAM = 2BULHRS882;
				INFOPLIST_FILE = SlotMachine/Info.plist;
				LD_RUNPATH_SEARCH_PATHS = "$(inherited) @executable_path/Frameworks";
				PRODUCT_BUNDLE_IDENTIFIER = com.wenzhong.SlotMachine;
				PRODUCT_NAME = "$(TARGET_NAME)";
				SWIFT_VERSION = 3.0;
			};
			name = Debug;
		};
		3E25B5791E86D27600A4992E /* Release */ = {
			isa = XCBuildConfiguration;
			buildSettings = {
				ASSETCATALOG_COMPILER_APPICON_NAME = AppIcon;
				DEVELOPMENT_TEAM = 2BULHRS882;
				INFOPLIST_FILE = SlotMachine/Info.plist;
				LD_RUNPATH_SEARCH_PATHS = "$(inherited) @executable_path/Frameworks";
				PRODUCT_BUNDLE_IDENTIFIER = com.wenzhong.SlotMachine;
				PRODUCT_NAME = "$(TARGET_NAME)";
				SWIFT_VERSION = 3.0;
			};
			name = Release;
		};
/* End XCBuildConfiguration section */

/* Begin XCConfigurationList section */
		3E25B55A1E86D27500A4992E /* Build configuration list for PBXProject "SlotMachine" */ = {
			isa = XCConfigurationList;
			buildConfigurations = (
				3E25B5751E86D27600A4992E /* Debug */,
				3E25B5761E86D27600A4992E /* Release */,
			);
			defaultConfigurationIsVisible = 0;
			defaultConfigurationName = Release;
		};
		3E25B5771E86D27600A4992E /* Build configuration list for PBXNativeTarget "SlotMachine" */ = {
			isa = XCConfigurationList;
			buildConfigurations = (
				3E25B5781E86D27600A4992E /* Debug */,
				3E25B5791E86D27600A4992E /* Release */,
			);
			defaultConfigurationIsVisible = 0;
			defaultConfigurationName = Release;
		};
/* End XCConfigurationList section */
	};
	rootObject = 3E25B5571E86D27500A4992E /* Project object */;
}
